
Microsoft Visual Studio Solution File, Format Version 12.00
# Visual Studio Version 16
VisualStudioVersion = 16.0.31729.503
MinimumVisualStudioVersion = 10.0.40219.1
Project("{8BC9CEB8-8B4A-11D0-8D11-00A0C91BC942}") = "RobustVideoMatting", "RobustVideoMatting.vcxproj", "{70B87AE9-BA18-4C4A-83D9-3FA43E0A1E47}"
EndProject
Project("{54435603-DBB4-11D2-8724-00A0C9A8B90C}") = "RobustVideoMatting_setup", "..\RobustVideoMatting_setup\RobustVideoMatting_setup.vdproj", "{854C20CD-0261-4010-92AC-43132BF502D7}"
EndProject
Global
	GlobalSection(SolutionConfigurationPlatforms) = preSolution
		Debug|x64 = Debug|x64
		Debug|x86 = Debug|x86
		Release|x64 = Release|x64
		Release|x86 = Release|x86
	EndGlobalSection
	GlobalSection(ProjectConfigurationPlatforms) = postSolution
		{70B87AE9-BA18-4C4A-83D9-3FA43E0A1E47}.Debug|x64.ActiveCfg = Debug|x64
		{70B87AE9-BA18-4C4A-83D9-3FA43E0A1E47}.Debug|x64.Build.0 = Debug|x64
		{70B87AE9-BA18-4C4A-83D9-3FA43E0A1E47}.Debug|x86.ActiveCfg = Debug|Win32
		{70B87AE9-BA18-4C4A-83D9-3FA43E0A1E47}.Debug|x86.Build.0 = Debug|Win32
		{70B87AE9-BA18-4C4A-83D9-3FA43E0A1E47}.Release|x64.ActiveCfg = Release|x64
		{70B87AE9-BA18-4C4A-83D9-3FA43E0A1E47}.Release|x64.Build.0 = Release|x64
		{70B87AE9-BA18-4C4A-83D9-3FA43E0A1E47}.Release|x86.ActiveCfg = Release|Win32
		{70B87AE9-BA18-4C4A-83D9-3FA43E0A1E47}.Release|x86.Build.0 = Release|Win32
		{854C20CD-0261-4010-92AC-43132BF502D7}.Debug|x64.ActiveCfg = Debug
		{854C20CD-0261-4010-92AC-43132BF502D7}.Debug|x64.Build.0 = Debug
		{854C20CD-0261-4010-92AC-43132BF502D7}.Debug|x86.ActiveCfg = Debug
		{854C20CD-0261-4010-92AC-43132BF502D7}.Debug|x86.Build.0 = Debug
		{854C20CD-0261-4010-92AC-43132BF502D7}.Release|x64.ActiveCfg = Release
		{854C20CD-0261-4010-92AC-43132BF502D7}.Release|x64.Build.0 = Release
		{854C20CD-0261-4010-92AC-43132BF502D7}.Release|x86.ActiveCfg = Release
		{854C20CD-0261-4010-92AC-43132BF502D7}.Release|x86.Build.0 = Release
	EndGlobalSection
	GlobalSection(SolutionProperties) = preSolution
		HideSolutionNode = FALSE
	EndGlobalSection
	GlobalSection(ExtensibilityGlobals) = postSolution
		SolutionGuid = {821106D3-AF6B-485A-B2B5-1B99D25AB44F}
	EndGlobalSection
EndGlobal
